
Microsoft Visual Studio Solution File, Format Version 12.00
Project("{FAE04EC0-301F-11D3-BF4B-00C04F79EFBC}") = "WebNowPlaying", "WebNowPlaying\WebNowPlaying.csproj", "{3441DCDB-9A0E-409D-82E8-90AD136C7881}"
EndProject
Global
	GlobalSection(SolutionConfigurationPlatforms) = preSolution
		Debug|Any CPU = Debug|Any CPU
		Release|Any CPU = Release|Any CPU
	EndGlobalSection
	GlobalSection(ProjectConfigurationPlatforms) = postSolution
		{3441DCDB-9A0E-409D-82E8-90AD136C7881}.Debug|Any CPU.ActiveCfg = Debug|Any CPU
		{3441DCDB-9A0E-409D-82E8-90AD136C7881}.Debug|Any CPU.Build.0 = Debug|Any CPU
		{3441DCDB-9A0E-409D-82E8-90AD136C7881}.Release|Any CPU.ActiveCfg = Release|Any CPU
		{3441DCDB-9A0E-409D-82E8-90AD136C7881}.Release|Any CPU.Build.0 = Release|Any CPU
	EndGlobalSection
EndGlobal
